
Microsoft Visual Studio Solution File, Format Version 12.00
# Visual Studio Version 16
VisualStudioVersion = 16.0.31205.134
MinimumVisualStudioVersion = 10.0.40219.1
Project("{FAE04EC0-301F-11D3-BF4B-00C04F79EFBC}") = "IntroProgra", "IntroProgra\IntroProgra.csproj", "{4C6A66CE-A307-4635-BA3F-E683EE52E3EC}"
EndProject
Project("{FAE04EC0-301F-11D3-BF4B-00C04F79EFBC}") = "ClasesCribaEratos", "ClasesCribaEratos\ClasesCribaEratos.csproj", "{8BCF11AB-A438-4997-A888-4A3C04E2685E}"
EndProject
Global
	GlobalSection(SolutionConfigurationPlatforms) = preSolution
		Debug|Any CPU = Debug|Any CPU
		Release|Any CPU = Release|Any CPU
	EndGlobalSection
	GlobalSection(ProjectConfigurationPlatforms) = postSolution
		{4C6A66CE-A307-4635-BA3F-E683EE52E3EC}.Debug|Any CPU.ActiveCfg = Debug|Any CPU
		{4C6A66CE-A307-4635-BA3F-E683EE52E3EC}.Debug|Any CPU.Build.0 = Debug|Any CPU
		{4C6A66CE-A307-4635-BA3F-E683EE52E3EC}.Release|Any CPU.ActiveCfg = Release|Any CPU
		{4C6A66CE-A307-4635-BA3F-E683EE52E3EC}.Release|Any CPU.Build.0 = Release|Any CPU
		{8BCF11AB-A438-4997-A888-4A3C04E2685E}.Debug|Any CPU.ActiveCfg = Debug|Any CPU
		{8BCF11AB-A438-4997-A888-4A3C04E2685E}.Debug|Any CPU.Build.0 = Debug|Any CPU
		{8BCF11AB-A438-4997-A888-4A3C04E2685E}.Release|Any CPU.ActiveCfg = Release|Any CPU
		{8BCF11AB-A438-4997-A888-4A3C04E2685E}.Release|Any CPU.Build.0 = Release|Any CPU
	EndGlobalSection
	GlobalSection(SolutionProperties) = preSolution
		HideSolutionNode = FALSE
	EndGlobalSection
	GlobalSection(ExtensibilityGlobals) = postSolution
		SolutionGuid = {D1816EC1-793A-479B-AB85-E99DCC5EDB05}
	EndGlobalSection
EndGlobal
